{
    "_readme": [
        "This file locks the dependencies of your project to a known state",
        "Read more about it at https://getcomposer.org/doc/01-basic-usage.md#installing-dependencies",
        "This file is @generated automatically"
    ],
    "content-hash": "a89b8447d27e55073532b454aa495c41",
    "packages": [
        {
            "name": "symfony/sendgrid-mailer",
            "version": "v5.4.7",
            "source": {
                "type": "git",
                "url": "https://github.com/symfony/sendgrid-mailer.git",
                "reference": "8c1ef727aed18460e91a3ec54237a0e48b80a1dd"
            },
            "dist": {
                "type": "zip",
                "url": "https://api.github.com/repos/symfony/sendgrid-mailer/zipball/8c1ef727aed18460e91a3ec54237a0e48b80a1dd",
                "reference": "8c1ef727aed18460e91a3ec54237a0e48b80a1dd",
                "shasum": ""
            },
            "require": {
                "php": ">=7.2.5",
                "psr/event-dispatcher": "^1",
                "symfony/mailer": "^4.4|^5.0|^6.0"
            },
            "require-dev": {
                "symfony/http-client": "^4.4|^5.0|^6.0"
            },
            "type": "symfony-mailer-bridge",
            "autoload": {
                "psr-4": {
                    "Symfony\\Component\\Mailer\\Bridge\\Sendgrid\\": ""
                },
                "exclude-from-classmap": [
                    "/Tests/"
                ]
            },
            "notification-url": "https://packagist.org/downloads/",
            "license": [
                "MIT"
            ],
            "authors": [
                {
                    "name": "Fabien Potencier",
                    "email": "fabien@symfony.com"
                },
                {
                    "name": "Symfony Community",
                    "homepage": "https://symfony.com/contributors"
                }
            ],
            "description": "Symfony Sendgrid Mailer Bridge",
            "homepage": "https://symfony.com",
            "support": {
                "source": "https://github.com/symfony/sendgrid-mailer/tree/v5.4.7"
            },
            "funding": [
                {
                    "url": "https://symfony.com/sponsor",
                    "type": "custom"
                },
                {
                    "url": "https://github.com/fabpot",
                    "type": "github"
                },
                {
                    "url": "https://tidelift.com/funding/github/packagist/symfony/symfony",
                    "type": "tidelift"
                }
            ],
            "time": "2022-03-24T17:11:08+00:00"
        }
    ],
    "packages-dev": [],
    "aliases": [],
    "minimum-stability": "stable",
    "stability-flags": [],
    "prefer-stable": false,
    "prefer-lowest": false,
    "platform": {
        "php": ">=7.3.6"
    },
    "platform-dev": [],
    "platform-overrides": {
        "php": "7.3.6"
    },
    "plugin-api-version": "2.3.0"
}
